%{
  "decimal": {:git, "https://github.com/ericmj/decimal.git", "592d59ac4474933f91cdc3e8e037f137f7e008b0", [tag: "v2.3.0"]},
  "ecto": {:git, "https://github.com/elixir-ecto/ecto.git", "18288287f18ce205b03b3b3dc8cb80f0f1b06dbe", [tag: "v3.12.5"]},
  "nimble_parsec": {:git, "https://github.com/dashbitco/nimble_parsec.git", "0b195519d6a501ed51d84da35183a010493b85c1", [tag: "v1.4.0"]},
  "stream_data": {:git, "https://github.com/whatyouhide/stream_data.git", "028e21fd2cd6935da9cc541c51848b8be45409ba", [tag: "v1.1.2"]},
  "telemetry": {:git, "https://github.com/beam-telemetry/telemetry.git", "8d8af76720856bcf26641ee1307658ad8f25e466", [tag: "v1.3.0"]},
}
