%{
  "cc_precompiler": {:hex, :cc_precompiler, "0.1.11", "8c844d0b9fb98a3edea067f94f616b3f6b29b959b6b3bf25fee94ffe34364768", [:mix], [{:elixir_make, "~> 0.7", [hex: :elixir_make, repo: "hexpm", optional: false]}], "hexpm", "3427232caf0835f94680e5bcf082408a70b48ad68a5f5c0b02a3bea9f3a075b9"},
  "db_connection": {:hex, :db_connection, "2.9.0", "a6a97c5c958a2d7091a58a9be40caf41ab496b0701d21e1d1abff3fa27a7f371", [:mix], [{:telemetry, "~> 0.4 or ~> 1.0", [hex: :telemetry, repo: "hexpm", optional: false]}], "hexpm", "17d502eacaf61829db98facf6f20808ed33da6ccf495354a41e64fe42f9c509c"},
  "decimal": {:hex, :decimal, "2.3.0", "3ad6255aa77b4a3c4f818171b12d237500e63525c2fd056699967a3e7ea20f62", [:mix], [], "hexpm", "a4d66355cb29cb47c3cf30e71329e58361cfcb37c34235ef3bf1d7bf3773aeac"},
  "ecto": {:git, "https://github.com/elixir-ecto/ecto.git", "18288287f18ce205b03b3b3dc8cb80f0f1b06dbe", [tag: "v3.12.5"]},
  "ecto_sql": {:git, "https://github.com/elixir-ecto/ecto_sql.git", "df6732a7f5fcd50aa2ddc6a09b2526038c763105", [tag: "v3.12.1"]},
  "ecto_sqlite3": {:git, "https://github.com/elixir-sqlite/ecto_sqlite3.git", "ebfab792bfd8e07b0dec0a65ade8b7ee3c67bfa4", [tag: "v0.17.5"]},
  "elixir_make": {:hex, :elixir_make, "0.9.0", "6484b3cd8c0cee58f09f05ecaf1a140a8c97670671a6a0e7ab4dc326c3109726", [:mix], [], "hexpm", "db23d4fd8b757462ad02f8aa73431a426fe6671c80b200d9710caf3d1dd0ffdb"},
  "excoveralls": {:git, "https://github.com/parroty/excoveralls.git", "7952661a92f2a8afbc71ad97e112f8755268bf73", [tag: "v0.18.3"]},
  "exqlite": {:hex, :exqlite, "0.35.0", "90741471945db42b66cd8ca3149af317f00c22c769cc6b06e8b0a08c5924aae5", [:make, :mix], [{:cc_precompiler, "~> 0.1", [hex: :cc_precompiler, repo: "hexpm", optional: false]}, {:db_connection, "~> 2.1", [hex: :db_connection, repo: "hexpm", optional: false]}, {:elixir_make, "~> 0.8", [hex: :elixir_make, repo: "hexpm", optional: false]}, {:table, "~> 0.1.0", [hex: :table, repo: "hexpm", optional: true]}], "hexpm", "a009e303767a28443e546ac8aab2539429f605e9acdc38bd43f3b13f1568bca9"},
  "jason": {:git, "https://github.com/michalmuskala/jason.git", "926d2ac6cc0271b9a7079b2ec16ae0cf802f7963", [tag: "v1.4.4"]},
  "nimble_parsec": {:git, "https://github.com/dashbitco/nimble_parsec.git", "0b195519d6a501ed51d84da35183a010493b85c1", [tag: "v1.4.0"]},
  "stream_data": {:git, "https://github.com/whatyouhide/stream_data.git", "028e21fd2cd6935da9cc541c51848b8be45409ba", [tag: "v1.1.2"]},
  "telemetry": {:hex, :telemetry, "1.4.1", "ab6de178e2b29b58e8256b92b382ea3f590a47152ca3651ea857a6cae05ac423", [:rebar3], [], "hexpm", "2172e05a27531d3d31dd9782841065c50dd5c3c7699d95266b2edd54c2dafa1c"},
}
